
Microsoft Visual Studio Solution File, Format Version 12.00
# Visual Studio Version 17
VisualStudioVersion = 17.4.33122.133
MinimumVisualStudioVersion = 10.0.40219.1
Project("{FAE04EC0-301F-11D3-BF4B-00C04F79EFBC}") = "OOP-Inheritance", "OOP-Inheritance\OOP-Inheritance.csproj", "{404AC7E7-FE09-468B-89FF-30B54A3E4262}"
EndProject
Global
	GlobalSection(SolutionConfigurationPlatforms) = preSolution
		Debug|Any CPU = Debug|Any CPU
		Release|Any CPU = Release|Any CPU
	EndGlobalSection
	GlobalSection(ProjectConfigurationPlatforms) = postSolution
		{404AC7E7-FE09-468B-89FF-30B54A3E4262}.Debug|Any CPU.ActiveCfg = Debug|Any CPU
		{404AC7E7-FE09-468B-89FF-30B54A3E4262}.Debug|Any CPU.Build.0 = Debug|Any CPU
		{404AC7E7-FE09-468B-89FF-30B54A3E4262}.Release|Any CPU.ActiveCfg = Release|Any CPU
		{404AC7E7-FE09-468B-89FF-30B54A3E4262}.Release|Any CPU.Build.0 = Release|Any CPU
	EndGlobalSection
	GlobalSection(SolutionProperties) = preSolution
		HideSolutionNode = FALSE
	EndGlobalSection
	GlobalSection(ExtensibilityGlobals) = postSolution
		SolutionGuid = {B2BEE9E6-1FF9-4788-B375-D9679AC473F3}
	EndGlobalSection
EndGlobal
